
Microsoft Visual Studio Solution File, Format Version 12.00
# Visual Studio Version 16
VisualStudioVersion = 16.0.29613.14
MinimumVisualStudioVersion = 10.0.40219.1
Project("{2150E333-8FDC-42A3-9474-1A3956D46DE8}") = "src", "src", "{4AC91F44-8A76-4360-BEFE-9938BEC537EA}"
EndProject
Project("{2150E333-8FDC-42A3-9474-1A3956D46DE8}") = "Catalog", "Catalog", "{4FEE9676-9ED4-4106-BDC5-ADFFF0DCBCDC}"
EndProject
Project("{9A19103F-16F7-4668-BE54-9A1E7A4F7556}") = "Catalog.API", "src\Catalog\Catalog.API\Catalog.API.csproj", "{4A2DFFE7-FDE0-4987-AE8B-358C4843EB94}"
EndProject
Project("{E53339B2-1760-4266-BCC7-CA923CBCF16C}") = "docker-compose", "docker-compose.dcproj", "{E43386C0-D856-4AD5-B442-BAB00B757681}"
EndProject
Project("{2150E333-8FDC-42A3-9474-1A3956D46DE8}") = "Basket", "Basket", "{823867BF-2F0E-4A72-BD20-18DA32BE93EF}"
EndProject
Project("{9A19103F-16F7-4668-BE54-9A1E7A4F7556}") = "Basket.API", "src\Basket\Basket.API\Basket.API.csproj", "{51CCBB02-4B34-4D0C-A84D-288B39D5A1ED}"
EndProject
Project("{2150E333-8FDC-42A3-9474-1A3956D46DE8}") = "Common", "Common", "{98E96562-C757-4415-A486-E4BB6CF4BAF0}"
EndProject
Project("{9A19103F-16F7-4668-BE54-9A1E7A4F7556}") = "EventBusRabbitMQ", "src\Common\EventBusRabbitMQ\EventBusRabbitMQ.csproj", "{5FA5A9BC-083E-437B-93A7-682D8EC196D9}"
EndProject
Project("{2150E333-8FDC-42A3-9474-1A3956D46DE8}") = "Ordering", "Ordering", "{B4E42407-ABD6-4B89-9577-CAB55C01A75B}"
EndProject
Project("{9A19103F-16F7-4668-BE54-9A1E7A4F7556}") = "Ordering.API", "src\Ordering\Ordering.API\Ordering.API.csproj", "{6C2C2622-219E-4B76-8A26-2EE8640CD095}"
EndProject
Project("{9A19103F-16F7-4668-BE54-9A1E7A4F7556}") = "Ordering.Core", "src\Ordering\Ordering.Core\Ordering.Core.csproj", "{3377E95D-F36E-4997-8559-910E0D801CDF}"
EndProject
Project("{9A19103F-16F7-4668-BE54-9A1E7A4F7556}") = "Ordering.Infrastructure", "src\Ordering\Ordering.Infrastructure\Ordering.Infrastructure.csproj", "{3EA63E10-1C07-4811-ABEE-6687811E11E8}"
EndProject
Project("{9A19103F-16F7-4668-BE54-9A1E7A4F7556}") = "Ordering.Application", "src\Ordering\Ordering.Application\Ordering.Application.csproj", "{2F0B9BEB-A8F9-4801-9634-5BC0EFDF13A6}"
EndProject
Project("{2150E333-8FDC-42A3-9474-1A3956D46DE8}") = "Api Gateway", "Api Gateway", "{7016E53D-D3ED-4A2E-B8F6-B5D2C2F700DF}"
EndProject
Project("{FAE04EC0-301F-11D3-BF4B-00C04F79EFBC}") = "OcelotAPIGateway", "src\ApiGateway\OcelotAPIGateway\OcelotAPIGateway.csproj", "{36AD8512-1BB7-45C7-934A-BB9EBBDD8E07}"
EndProject
Global
	GlobalSection(SolutionConfigurationPlatforms) = preSolution
		Debug|Any CPU = Debug|Any CPU
		Release|Any CPU = Release|Any CPU
	EndGlobalSection
	GlobalSection(ProjectConfigurationPlatforms) = postSolution
		{4A2DFFE7-FDE0-4987-AE8B-358C4843EB94}.Debug|Any CPU.ActiveCfg = Debug|Any CPU
		{4A2DFFE7-FDE0-4987-AE8B-358C4843EB94}.Debug|Any CPU.Build.0 = Debug|Any CPU
		{4A2DFFE7-FDE0-4987-AE8B-358C4843EB94}.Release|Any CPU.ActiveCfg = Release|Any CPU
		{4A2DFFE7-FDE0-4987-AE8B-358C4843EB94}.Release|Any CPU.Build.0 = Release|Any CPU
		{E43386C0-D856-4AD5-B442-BAB00B757681}.Debug|Any CPU.ActiveCfg = Debug|Any CPU
		{E43386C0-D856-4AD5-B442-BAB00B757681}.Debug|Any CPU.Build.0 = Debug|Any CPU
		{E43386C0-D856-4AD5-B442-BAB00B757681}.Release|Any CPU.ActiveCfg = Release|Any CPU
		{E43386C0-D856-4AD5-B442-BAB00B757681}.Release|Any CPU.Build.0 = Release|Any CPU
		{51CCBB02-4B34-4D0C-A84D-288B39D5A1ED}.Debug|Any CPU.ActiveCfg = Debug|Any CPU
		{51CCBB02-4B34-4D0C-A84D-288B39D5A1ED}.Debug|Any CPU.Build.0 = Debug|Any CPU
		{51CCBB02-4B34-4D0C-A84D-288B39D5A1ED}.Release|Any CPU.ActiveCfg = Release|Any CPU
		{51CCBB02-4B34-4D0C-A84D-288B39D5A1ED}.Release|Any CPU.Build.0 = Release|Any CPU
		{5FA5A9BC-083E-437B-93A7-682D8EC196D9}.Debug|Any CPU.ActiveCfg = Debug|Any CPU
		{5FA5A9BC-083E-437B-93A7-682D8EC196D9}.Debug|Any CPU.Build.0 = Debug|Any CPU
		{5FA5A9BC-083E-437B-93A7-682D8EC196D9}.Release|Any CPU.ActiveCfg = Release|Any CPU
		{5FA5A9BC-083E-437B-93A7-682D8EC196D9}.Release|Any CPU.Build.0 = Release|Any CPU
		{6C2C2622-219E-4B76-8A26-2EE8640CD095}.Debug|Any CPU.ActiveCfg = Debug|Any CPU
		{6C2C2622-219E-4B76-8A26-2EE8640CD095}.Debug|Any CPU.Build.0 = Debug|Any CPU
		{6C2C2622-219E-4B76-8A26-2EE8640CD095}.Release|Any CPU.ActiveCfg = Release|Any CPU
		{6C2C2622-219E-4B76-8A26-2EE8640CD095}.Release|Any CPU.Build.0 = Release|Any CPU
		{3377E95D-F36E-4997-8559-910E0D801CDF}.Debug|Any CPU.ActiveCfg = Debug|Any CPU
		{3377E95D-F36E-4997-8559-910E0D801CDF}.Debug|Any CPU.Build.0 = Debug|Any CPU
		{3377E95D-F36E-4997-8559-910E0D801CDF}.Release|Any CPU.ActiveCfg = Release|Any CPU
		{3377E95D-F36E-4997-8559-910E0D801CDF}.Release|Any CPU.Build.0 = Release|Any CPU
		{3EA63E10-1C07-4811-ABEE-6687811E11E8}.Debug|Any CPU.ActiveCfg = Debug|Any CPU
		{3EA63E10-1C07-4811-ABEE-6687811E11E8}.Debug|Any CPU.Build.0 = Debug|Any CPU
		{3EA63E10-1C07-4811-ABEE-6687811E11E8}.Release|Any CPU.ActiveCfg = Release|Any CPU
		{3EA63E10-1C07-4811-ABEE-6687811E11E8}.Release|Any CPU.Build.0 = Release|Any CPU
		{2F0B9BEB-A8F9-4801-9634-5BC0EFDF13A6}.Debug|Any CPU.ActiveCfg = Debug|Any CPU
		{2F0B9BEB-A8F9-4801-9634-5BC0EFDF13A6}.Debug|Any CPU.Build.0 = Debug|Any CPU
		{2F0B9BEB-A8F9-4801-9634-5BC0EFDF13A6}.Release|Any CPU.ActiveCfg = Release|Any CPU
		{2F0B9BEB-A8F9-4801-9634-5BC0EFDF13A6}.Release|Any CPU.Build.0 = Release|Any CPU
		{36AD8512-1BB7-45C7-934A-BB9EBBDD8E07}.Debug|Any CPU.ActiveCfg = Debug|Any CPU
		{36AD8512-1BB7-45C7-934A-BB9EBBDD8E07}.Debug|Any CPU.Build.0 = Debug|Any CPU
		{36AD8512-1BB7-45C7-934A-BB9EBBDD8E07}.Release|Any CPU.ActiveCfg = Release|Any CPU
		{36AD8512-1BB7-45C7-934A-BB9EBBDD8E07}.Release|Any CPU.Build.0 = Release|Any CPU
	EndGlobalSection
	GlobalSection(SolutionProperties) = preSolution
		HideSolutionNode = FALSE
	EndGlobalSection
	GlobalSection(NestedProjects) = preSolution
		{4FEE9676-9ED4-4106-BDC5-ADFFF0DCBCDC} = {4AC91F44-8A76-4360-BEFE-9938BEC537EA}
		{4A2DFFE7-FDE0-4987-AE8B-358C4843EB94} = {4FEE9676-9ED4-4106-BDC5-ADFFF0DCBCDC}
		{823867BF-2F0E-4A72-BD20-18DA32BE93EF} = {4AC91F44-8A76-4360-BEFE-9938BEC537EA}
		{51CCBB02-4B34-4D0C-A84D-288B39D5A1ED} = {823867BF-2F0E-4A72-BD20-18DA32BE93EF}
		{98E96562-C757-4415-A486-E4BB6CF4BAF0} = {4AC91F44-8A76-4360-BEFE-9938BEC537EA}
		{5FA5A9BC-083E-437B-93A7-682D8EC196D9} = {98E96562-C757-4415-A486-E4BB6CF4BAF0}
		{B4E42407-ABD6-4B89-9577-CAB55C01A75B} = {4AC91F44-8A76-4360-BEFE-9938BEC537EA}
		{6C2C2622-219E-4B76-8A26-2EE8640CD095} = {B4E42407-ABD6-4B89-9577-CAB55C01A75B}
		{3377E95D-F36E-4997-8559-910E0D801CDF} = {B4E42407-ABD6-4B89-9577-CAB55C01A75B}
		{3EA63E10-1C07-4811-ABEE-6687811E11E8} = {B4E42407-ABD6-4B89-9577-CAB55C01A75B}
		{2F0B9BEB-A8F9-4801-9634-5BC0EFDF13A6} = {B4E42407-ABD6-4B89-9577-CAB55C01A75B}
		{7016E53D-D3ED-4A2E-B8F6-B5D2C2F700DF} = {4AC91F44-8A76-4360-BEFE-9938BEC537EA}
		{36AD8512-1BB7-45C7-934A-BB9EBBDD8E07} = {7016E53D-D3ED-4A2E-B8F6-B5D2C2F700DF}
	EndGlobalSection
	GlobalSection(ExtensibilityGlobals) = postSolution
		SolutionGuid = {A4E19C0E-E52B-442C-B7F8-15AD87BFA258}
	EndGlobalSection
EndGlobal
